# @generated - this file is auto-generated by `mise lock` https://mise.en.dev/dev-tools/mise-lock.html

[[tools."cargo:b3sum"]]
version = "1.8.5"
backend = "cargo:b3sum"

[[tools."cargo:cargo-careful"]]
version = "0.4.10"
backend = "cargo:cargo-careful"

[[tools."cargo:cargo-llvm-cov"]]
version = "0.8.7"
backend = "cargo:cargo-llvm-cov"

[[tools."cargo:cargo-nextest"]]
version = "0.9.137"
backend = "cargo:cargo-nextest"

[[tools."cargo:git-cliff"]]
version = "2.13.1"
backend = "cargo:git-cliff"

[[tools."cargo:nu"]]
version = "0.113.1"
backend = "cargo:nu"

[[tools."cargo:rumdl"]]
version = "0.2.17"
backend = "cargo:rumdl"

[[tools."cargo:typos-cli"]]
version = "1.47.2"
backend = "cargo:typos-cli"

[[tools."cargo:zizmor"]]
version = "1.25.2"
backend = "cargo:zizmor"

[[tools."github:numtide/treefmt"]]
version = "2.5.0"
backend = "github:numtide/treefmt"

[tools."github:numtide/treefmt"."platforms.linux-arm64"]
checksum = "sha256:fce47c6fc8cb6a87461b1309fc6d3102eade64b6fe0c9b86678b4eed9eb00e57"
url = "https://github.com/numtide/treefmt/releases/download/v2.5.0/treefmt_2.5.0_linux_arm64.tar.gz"
url_api = "https://api.github.com/repos/numtide/treefmt/releases/assets/391045230"

[tools."github:numtide/treefmt"."platforms.linux-arm64-musl"]
checksum = "sha256:fce47c6fc8cb6a87461b1309fc6d3102eade64b6fe0c9b86678b4eed9eb00e57"
url = "https://github.com/numtide/treefmt/releases/download/v2.5.0/treefmt_2.5.0_linux_arm64.tar.gz"
url_api = "https://api.github.com/repos/numtide/treefmt/releases/assets/391045230"

[tools."github:numtide/treefmt"."platforms.linux-x64"]
checksum = "sha256:95f707bf9666d08b50888b116768fd77f042ad5af92aa3b795f063160e72758f"
url = "https://github.com/numtide/treefmt/releases/download/v2.5.0/treefmt_2.5.0_linux_amd64.tar.gz"
url_api = "https://api.github.com/repos/numtide/treefmt/releases/assets/391045232"

[tools."github:numtide/treefmt"."platforms.linux-x64-musl"]
checksum = "sha256:95f707bf9666d08b50888b116768fd77f042ad5af92aa3b795f063160e72758f"
url = "https://github.com/numtide/treefmt/releases/download/v2.5.0/treefmt_2.5.0_linux_amd64.tar.gz"
url_api = "https://api.github.com/repos/numtide/treefmt/releases/assets/391045232"

[tools."github:numtide/treefmt"."platforms.macos-arm64"]
checksum = "sha256:a3cdfa8e92eb7c302bb851f73800187e75d5789f2a75835b403b158d77b2c376"
url = "https://github.com/numtide/treefmt/releases/download/v2.5.0/treefmt_2.5.0_darwin_arm64.tar.gz"
url_api = "https://api.github.com/repos/numtide/treefmt/releases/assets/391045242"

[tools."github:numtide/treefmt"."platforms.macos-x64"]
checksum = "sha256:21388b1f7d6c2f572e1ce9231f7dfc08f80a062438908791ab078c1d76b10a49"
url = "https://github.com/numtide/treefmt/releases/download/v2.5.0/treefmt_2.5.0_darwin_amd64.tar.gz"
url_api = "https://api.github.com/repos/numtide/treefmt/releases/assets/391045231"

[[tools."github:tombi-toml/tombi"]]
version = "1.1.3"
backend = "github:tombi-toml/tombi"

[tools."github:tombi-toml/tombi"."platforms.linux-arm64"]
checksum = "sha256:b00f85e6d3d7c0df6effd7fadb50d3bf06f9487ee314eb5aa71e28d6b6f847f4"
url = "https://github.com/tombi-toml/tombi/releases/download/v1.1.3/tombi-cli-1.1.3-aarch64-unknown-linux-musl.tar.gz"
url_api = "https://api.github.com/repos/tombi-toml/tombi/releases/assets/443164492"

[tools."github:tombi-toml/tombi"."platforms.linux-arm64-musl"]
checksum = "sha256:b00f85e6d3d7c0df6effd7fadb50d3bf06f9487ee314eb5aa71e28d6b6f847f4"
url = "https://github.com/tombi-toml/tombi/releases/download/v1.1.3/tombi-cli-1.1.3-aarch64-unknown-linux-musl.tar.gz"
url_api = "https://api.github.com/repos/tombi-toml/tombi/releases/assets/443164492"

[tools."github:tombi-toml/tombi"."platforms.linux-x64"]
checksum = "sha256:6f1490c46b82c04b50fc54b0fc835171d3c0bf45e180c1daf2491b217567effe"
url = "https://github.com/tombi-toml/tombi/releases/download/v1.1.3/tombi-cli-1.1.3-x86_64-unknown-linux-musl.tar.gz"
url_api = "https://api.github.com/repos/tombi-toml/tombi/releases/assets/443164500"

[tools."github:tombi-toml/tombi"."platforms.linux-x64-musl"]
checksum = "sha256:6f1490c46b82c04b50fc54b0fc835171d3c0bf45e180c1daf2491b217567effe"
url = "https://github.com/tombi-toml/tombi/releases/download/v1.1.3/tombi-cli-1.1.3-x86_64-unknown-linux-musl.tar.gz"
url_api = "https://api.github.com/repos/tombi-toml/tombi/releases/assets/443164500"

[tools."github:tombi-toml/tombi"."platforms.macos-arm64"]
checksum = "sha256:38f262c8d1a703b70181f6339fad1c61264a7f15c07c04e73c11b4094fb113eb"
url = "https://github.com/tombi-toml/tombi/releases/download/v1.1.3/tombi-cli-1.1.3-aarch64-apple-darwin.tar.gz"
url_api = "https://api.github.com/repos/tombi-toml/tombi/releases/assets/443164489"

[tools."github:tombi-toml/tombi"."platforms.macos-x64"]
checksum = "sha256:cafc335f23853e30303e962b7648df8e2c36731d906e52bb3c9e73cd6191268a"
url = "https://github.com/tombi-toml/tombi/releases/download/v1.1.3/tombi-cli-1.1.3-x86_64-apple-darwin.tar.gz"
url_api = "https://api.github.com/repos/tombi-toml/tombi/releases/assets/443164487"

[tools."github:tombi-toml/tombi"."platforms.windows-x64"]
checksum = "sha256:fcb02afd0c3be168bb2639346040212ea963f9fdd7e8a19b2b147bddea98ed34"
url = "https://github.com/tombi-toml/tombi/releases/download/v1.1.3/tombi-cli-1.1.3-x86_64-pc-windows-msvc.zip"
url_api = "https://api.github.com/repos/tombi-toml/tombi/releases/assets/443164491"
